
Microsoft Visual Studio Solution File, Format Version 12.00
# Visual Studio 15
VisualStudioVersion = 15.0.28307.645
MinimumVisualStudioVersion = 10.0.40219.1
Project("{9A19103F-16F7-4668-BE54-9A1E7A4F7556}") = "Deq.Demo.Contact.Web", "Deq.Demo.Contact.Web\Deq.Demo.Contact.Web.csproj", "{8B816F07-B91B-4902-9081-AE6339D714E9}"
EndProject
Project("{9A19103F-16F7-4668-BE54-9A1E7A4F7556}") = "Deq.Demo.Dept.Web", "Deq.Demo.Dept.Web\Deq.Demo.Dept.Web.csproj", "{DC61FD98-F47D-40E8-80E5-2CB721AA6B6A}"
EndProject
Project("{9A19103F-16F7-4668-BE54-9A1E7A4F7556}") = "Deq.Demo.Portal.Web", "Deq.Demo.Portal.Web\Deq.Demo.Portal.Web.csproj", "{52981B07-ADCC-4003-97AF-714DC86D82A1}"
EndProject
Project("{00D1A9C2-B5F0-4AF3-8072-F6C62B433612}") = "Deq.Demo.Contact.Db", "Deq.Demo.Contact.Db\Deq.Demo.Contact.Db.sqlproj", "{F8109C69-369F-49EE-BEB7-5AD4BFB021E8}"
EndProject
Project("{00D1A9C2-B5F0-4AF3-8072-F6C62B433612}") = "Deq.Demo.Dept.Db", "Deq.Demo.Dept.Db\Deq.Demo.Dept.Db.sqlproj", "{B078BFD3-3827-4744-8C2B-7AEB9A92F149}"
EndProject
Project("{00D1A9C2-B5F0-4AF3-8072-F6C62B433612}") = "Deq.Demo.Portal.Db", "Deq.Demo.Portal.Db\Deq.Demo.Portal.Db.sqlproj", "{37B4A775-BF44-483F-8E9D-DF757105337A}"
EndProject
Project("{FAE04EC0-301F-11D3-BF4B-00C04F79EFBC}") = "Deq.Demo.Shared", "Deq.Demo.Shared\Deq.Demo.Shared.csproj", "{8F21CFA0-B34F-436F-80CC-C6976BFB7A38}"
EndProject
Global
	GlobalSection(SolutionConfigurationPlatforms) = preSolution
		Debug|Any CPU = Debug|Any CPU
		Release|Any CPU = Release|Any CPU
	EndGlobalSection
	GlobalSection(ProjectConfigurationPlatforms) = postSolution
		{8B816F07-B91B-4902-9081-AE6339D714E9}.Debug|Any CPU.ActiveCfg = Debug|Any CPU
		{8B816F07-B91B-4902-9081-AE6339D714E9}.Debug|Any CPU.Build.0 = Debug|Any CPU
		{8B816F07-B91B-4902-9081-AE6339D714E9}.Release|Any CPU.ActiveCfg = Release|Any CPU
		{8B816F07-B91B-4902-9081-AE6339D714E9}.Release|Any CPU.Build.0 = Release|Any CPU
		{DC61FD98-F47D-40E8-80E5-2CB721AA6B6A}.Debug|Any CPU.ActiveCfg = Debug|Any CPU
		{DC61FD98-F47D-40E8-80E5-2CB721AA6B6A}.Debug|Any CPU.Build.0 = Debug|Any CPU
		{DC61FD98-F47D-40E8-80E5-2CB721AA6B6A}.Release|Any CPU.ActiveCfg = Release|Any CPU
		{DC61FD98-F47D-40E8-80E5-2CB721AA6B6A}.Release|Any CPU.Build.0 = Release|Any CPU
		{52981B07-ADCC-4003-97AF-714DC86D82A1}.Debug|Any CPU.ActiveCfg = Debug|Any CPU
		{52981B07-ADCC-4003-97AF-714DC86D82A1}.Debug|Any CPU.Build.0 = Debug|Any CPU
		{52981B07-ADCC-4003-97AF-714DC86D82A1}.Release|Any CPU.ActiveCfg = Release|Any CPU
		{52981B07-ADCC-4003-97AF-714DC86D82A1}.Release|Any CPU.Build.0 = Release|Any CPU
		{F8109C69-369F-49EE-BEB7-5AD4BFB021E8}.Debug|Any CPU.ActiveCfg = Debug|Any CPU
		{F8109C69-369F-49EE-BEB7-5AD4BFB021E8}.Debug|Any CPU.Build.0 = Debug|Any CPU
		{F8109C69-369F-49EE-BEB7-5AD4BFB021E8}.Debug|Any CPU.Deploy.0 = Debug|Any CPU
		{F8109C69-369F-49EE-BEB7-5AD4BFB021E8}.Release|Any CPU.ActiveCfg = Release|Any CPU
		{F8109C69-369F-49EE-BEB7-5AD4BFB021E8}.Release|Any CPU.Build.0 = Release|Any CPU
		{F8109C69-369F-49EE-BEB7-5AD4BFB021E8}.Release|Any CPU.Deploy.0 = Release|Any CPU
		{B078BFD3-3827-4744-8C2B-7AEB9A92F149}.Debug|Any CPU.ActiveCfg = Debug|Any CPU
		{B078BFD3-3827-4744-8C2B-7AEB9A92F149}.Debug|Any CPU.Build.0 = Debug|Any CPU
		{B078BFD3-3827-4744-8C2B-7AEB9A92F149}.Debug|Any CPU.Deploy.0 = Debug|Any CPU
		{B078BFD3-3827-4744-8C2B-7AEB9A92F149}.Release|Any CPU.ActiveCfg = Release|Any CPU
		{B078BFD3-3827-4744-8C2B-7AEB9A92F149}.Release|Any CPU.Build.0 = Release|Any CPU
		{B078BFD3-3827-4744-8C2B-7AEB9A92F149}.Release|Any CPU.Deploy.0 = Release|Any CPU
		{37B4A775-BF44-483F-8E9D-DF757105337A}.Debug|Any CPU.ActiveCfg = Debug|Any CPU
		{37B4A775-BF44-483F-8E9D-DF757105337A}.Debug|Any CPU.Build.0 = Debug|Any CPU
		{37B4A775-BF44-483F-8E9D-DF757105337A}.Debug|Any CPU.Deploy.0 = Debug|Any CPU
		{37B4A775-BF44-483F-8E9D-DF757105337A}.Release|Any CPU.ActiveCfg = Release|Any CPU
		{37B4A775-BF44-483F-8E9D-DF757105337A}.Release|Any CPU.Build.0 = Release|Any CPU
		{37B4A775-BF44-483F-8E9D-DF757105337A}.Release|Any CPU.Deploy.0 = Release|Any CPU
		{8F21CFA0-B34F-436F-80CC-C6976BFB7A38}.Debug|Any CPU.ActiveCfg = Debug|Any CPU
		{8F21CFA0-B34F-436F-80CC-C6976BFB7A38}.Debug|Any CPU.Build.0 = Debug|Any CPU
		{8F21CFA0-B34F-436F-80CC-C6976BFB7A38}.Release|Any CPU.ActiveCfg = Release|Any CPU
		{8F21CFA0-B34F-436F-80CC-C6976BFB7A38}.Release|Any CPU.Build.0 = Release|Any CPU
	EndGlobalSection
	GlobalSection(SolutionProperties) = preSolution
		HideSolutionNode = FALSE
	EndGlobalSection
	GlobalSection(ExtensibilityGlobals) = postSolution
		SolutionGuid = {15D19AA8-E6B5-46B4-887B-27F416E47F49}
	EndGlobalSection
EndGlobal
